
Microsoft Visual Studio Solution File, Format Version 12.00
# Visual Studio 14
VisualStudioVersion = 14.0.25123.0
MinimumVisualStudioVersion = 10.0.40219.1
Project("{FAE04EC0-301F-11D3-BF4B-00C04F79EFBC}") = "Problem001", "Problem1\Problem001.csproj", "{6AD81F81-FC72-47B0-A524-95273B0D950D}"
EndProject
Project("{FAE04EC0-301F-11D3-BF4B-00C04F79EFBC}") = "Problem002", "Problem2\Problem002.csproj", "{7966A102-FA0E-475B-A556-3C5824FDA375}"
EndProject
Project("{FAE04EC0-301F-11D3-BF4B-00C04F79EFBC}") = "Problem003", "Problem3\Problem003.csproj", "{F591183C-A3B6-4017-AD52-71840FEAC9A2}"
EndProject
Project("{FAE04EC0-301F-11D3-BF4B-00C04F79EFBC}") = "Problem004", "Problem4\Problem004.csproj", "{D7E57194-CD10-4178-B9C5-19E3A8037061}"
EndProject
Project("{FAE04EC0-301F-11D3-BF4B-00C04F79EFBC}") = "Problem005", "Problem5\Problem005.csproj", "{C854D7E5-7455-4DBC-83E9-EB69BCBD0F10}"
EndProject
Project("{FAE04EC0-301F-11D3-BF4B-00C04F79EFBC}") = "Problem006", "Project6\Problem006.csproj", "{8D278608-AA7E-42DB-8CC2-BF3DAECDB13B}"
EndProject
Project("{FAE04EC0-301F-11D3-BF4B-00C04F79EFBC}") = "Problem007", "Problem7\Problem007.csproj", "{2B8554B2-EA97-4FED-9C20-1083C2181917}"
EndProject
Project("{FAE04EC0-301F-11D3-BF4B-00C04F79EFBC}") = "Problem008", "Problem8\Problem008.csproj", "{061360F6-A82F-4E3E-9708-20EDBBB9EFF0}"
EndProject
Project("{FAE04EC0-301F-11D3-BF4B-00C04F79EFBC}") = "Problem009", "Problem9\Problem009.csproj", "{3A0E421A-3391-43C4-8F35-4206D71EB331}"
EndProject
Project("{FAE04EC0-301F-11D3-BF4B-00C04F79EFBC}") = "Problem010", "Problem10\Problem010.csproj", "{1E5426DF-B725-44D2-8648-E84672F89AD9}"
EndProject
Project("{FAE04EC0-301F-11D3-BF4B-00C04F79EFBC}") = "Problem011", "Problem11\Problem011.csproj", "{CCAFB231-FFCA-46B9-AD0C-71F3B39FCE03}"
EndProject
Project("{FAE04EC0-301F-11D3-BF4B-00C04F79EFBC}") = "Problem012", "Problem12\Problem012.csproj", "{4848B6C1-2EA6-4831-9C2B-E10007DBF26F}"
EndProject
Project("{FAE04EC0-301F-11D3-BF4B-00C04F79EFBC}") = "Problem013", "Problem13\Problem013.csproj", "{7519E341-5EB0-4E10-9DDE-60E30153E1C5}"
EndProject
Project("{FAE04EC0-301F-11D3-BF4B-00C04F79EFBC}") = "Problem014", "Problem14\Problem014.csproj", "{4CFEDB97-28FE-4909-9B8C-45823623EBB6}"
EndProject
Project("{FAE04EC0-301F-11D3-BF4B-00C04F79EFBC}") = "Problem015", "Problem15\Problem015.csproj", "{18AD97CB-F191-401A-9C61-724E387ABB24}"
EndProject
Project("{FAE04EC0-301F-11D3-BF4B-00C04F79EFBC}") = "Problem016", "Problem16\Problem016.csproj", "{FC7B0E8F-E4DA-4EF8-8E6B-D58C62E2CA02}"
EndProject
Project("{FAE04EC0-301F-11D3-BF4B-00C04F79EFBC}") = "Problem041", "Problem41\Problem041.csproj", "{4A8BB42D-3197-46B4-9937-5F372695C1BC}"
EndProject
Project("{FAE04EC0-301F-11D3-BF4B-00C04F79EFBC}") = "Problem020", "Problem20\Problem020.csproj", "{FC0D2BE3-73F5-438F-98CF-AC0DFDE1BBE6}"
EndProject
Project("{FAE04EC0-301F-11D3-BF4B-00C04F79EFBC}") = "Problem028", "Problem28\Problem028.csproj", "{5B4DD3A9-AA12-4EA0-9590-C59C197C38F5}"
EndProject
Project("{FAE04EC0-301F-11D3-BF4B-00C04F79EFBC}") = "Problem043", "Problem43\Problem043.csproj", "{C863C6AE-0E92-4CFB-BD4C-76D117DA01B1}"
EndProject
Project("{FAE04EC0-301F-11D3-BF4B-00C04F79EFBC}") = "Problem017", "Problem17\Problem017.csproj", "{99CB6C11-09B9-4EE7-B486-7278298E0A53}"
EndProject
Project("{FAE04EC0-301F-11D3-BF4B-00C04F79EFBC}") = "Problem021", "Problem21\Problem021.csproj", "{76D3FDC7-BD53-4D4C-8DE1-D170EA76950F}"
EndProject
Project("{FAE04EC0-301F-11D3-BF4B-00C04F79EFBC}") = "Problem030", "Problem30\Problem030.csproj", "{2CCCD127-817F-41F6-8EDD-77FB9B1FBAB2}"
EndProject
Project("{FAE04EC0-301F-11D3-BF4B-00C04F79EFBC}") = "Problem048", "Problem48\Problem048.csproj", "{C5D8F6EE-83B1-4C0B-BCDB-9C84349E7894}"
EndProject
Project("{FAE04EC0-301F-11D3-BF4B-00C04F79EFBC}") = "Problem027", "Problem27\Problem027.csproj", "{C0114297-FCFD-4457-8BF9-E3BC006DC60F}"
EndProject
Project("{FAE04EC0-301F-11D3-BF4B-00C04F79EFBC}") = "Problem026", "Problem26\Problem026.csproj", "{805B75BC-9602-44FB-B869-132E97A3D433}"
EndProject
Project("{FAE04EC0-301F-11D3-BF4B-00C04F79EFBC}") = "Problem029", "Problem29\Problem029.csproj", "{36279846-AE57-4DC4-AC33-3B1383B89FE0}"
EndProject
Project("{FAE04EC0-301F-11D3-BF4B-00C04F79EFBC}") = "Problem067", "Problem67\Problem067.csproj", "{1DBAA81E-8C77-4D81-8640-182A4ECDE4A0}"
EndProject
Project("{FAE04EC0-301F-11D3-BF4B-00C04F79EFBC}") = "Problem024", "Problem24\Problem024.csproj", "{BE0772D7-5B84-4523-A3B1-442B9AEFA5A5}"
EndProject
Project("{FAE04EC0-301F-11D3-BF4B-00C04F79EFBC}") = "Problem050", "Problem50\Problem050.csproj", "{098B5756-E801-4090-9251-EBC5E32C4D6B}"
EndProject
Project("{FAE04EC0-301F-11D3-BF4B-00C04F79EFBC}") = "Problem023", "Problem23\Problem023.csproj", "{B4DF04CA-E554-4AF8-B80C-B72135393C2C}"
EndProject
Project("{FAE04EC0-301F-11D3-BF4B-00C04F79EFBC}") = "Problem018", "Problem18\Problem018.csproj", "{76BECE3B-E816-427C-BBB3-E287870568FD}"
EndProject
Project("{FAE04EC0-301F-11D3-BF4B-00C04F79EFBC}") = "Problem019", "Problem19\Problem019.csproj", "{F9DC204C-1D4A-42FD-80F3-E40D7D3EEA9D}"
EndProject
Project("{FAE04EC0-301F-11D3-BF4B-00C04F79EFBC}") = "Problem022", "Problem22\Problem022.csproj", "{086BACFF-CA0D-43C8-9AB6-2FF2F2D40A85}"
EndProject
Project("{FAE04EC0-301F-11D3-BF4B-00C04F79EFBC}") = "Problem057", "Problem57\Problem057.csproj", "{68E9E411-D88A-4FB5-BC22-99CE072AD3BC}"
EndProject
Project("{FAE04EC0-301F-11D3-BF4B-00C04F79EFBC}") = "Problem031", "Problem31\Problem031.csproj", "{FFC96C97-D80E-4AE4-BF05-6426F1DB8B5D}"
EndProject
Project("{FAE04EC0-301F-11D3-BF4B-00C04F79EFBC}") = "Problem068", "Problem68\Problem068.csproj", "{E3CBC890-5AC4-4A21-8254-0357B30C8EB9}"
EndProject
Project("{FAE04EC0-301F-11D3-BF4B-00C04F79EFBC}") = "Problem052", "Problem52\Problem052.csproj", "{38B4A0B4-6671-409D-92C7-6241661B6BE4}"
EndProject
Project("{FAE04EC0-301F-11D3-BF4B-00C04F79EFBC}") = "Problem032", "Problem32\Problem032.csproj", "{551BF13E-EAB7-4FD6-B5DE-6F57100D2ACC}"
EndProject
Project("{FAE04EC0-301F-11D3-BF4B-00C04F79EFBC}") = "Problem081", "Problem81\Problem081.csproj", "{758F7C35-712E-4818-B896-25C714925D11}"
EndProject
Project("{FAE04EC0-301F-11D3-BF4B-00C04F79EFBC}") = "Problem044", "Problem44\Problem044.csproj", "{9B77D6D0-A0DE-4B04-9148-F0CC93821A2B}"
EndProject
Project("{FAE04EC0-301F-11D3-BF4B-00C04F79EFBC}") = "Problem035", "Problem35\Problem035.csproj", "{44A57554-42B9-4E3D-9E0B-D3A2A5360EB2}"
EndProject
Project("{FAE04EC0-301F-11D3-BF4B-00C04F79EFBC}") = "Problem025", "Problem25\Problem025.csproj", "{234EAE5E-6585-4047-A923-EEDC7A6E2958}"
EndProject
Project("{FAE04EC0-301F-11D3-BF4B-00C04F79EFBC}") = "Problem033 - not solved", "Problem33\Problem033 - not solved.csproj", "{2D8283EE-176B-4BD0-AD3C-4A343B6E491F}"
EndProject
Project("{FAE04EC0-301F-11D3-BF4B-00C04F79EFBC}") = "Problem047", "Problem47\Problem047.csproj", "{8B8185D6-EEA6-4279-8496-C61B70DD8593}"
EndProject
Project("{FAE04EC0-301F-11D3-BF4B-00C04F79EFBC}") = "Problem055", "Problem55\Problem055.csproj", "{EA65FFDA-2F5A-4762-ACB2-8926404F3DC0}"
EndProject
Project("{FAE04EC0-301F-11D3-BF4B-00C04F79EFBC}") = "Problem104", "Problem104\Problem104.csproj", "{5665B4AB-855E-40CF-AF38-32E52C1172D1}"
EndProject
Project("{FAE04EC0-301F-11D3-BF4B-00C04F79EFBC}") = "Problem061", "Problem061\Problem061.csproj", "{8F9AA83E-467B-4FE7-9F50-BE7221353832}"
EndProject
Project("{FAE04EC0-301F-11D3-BF4B-00C04F79EFBC}") = "Problem049", "Problem49\Problem049.csproj", "{85B7DF07-6EFA-475B-99BB-20CD4F49B974}"
EndProject
Project("{FAE04EC0-301F-11D3-BF4B-00C04F79EFBC}") = "Problem058", "Problem058\Problem058.csproj", "{32938995-8BCB-4264-9760-7DB4D6932DE1}"
EndProject
Project("{FAE04EC0-301F-11D3-BF4B-00C04F79EFBC}") = "Problem094", "Problem094\Problem094.csproj", "{ED543153-4FDF-4A58-88BD-45C772492875}"
EndProject
Project("{FAE04EC0-301F-11D3-BF4B-00C04F79EFBC}") = "Problem059", "Problem059\Problem059.csproj", "{64F3702E-7697-4790-99AF-54CA297C5CA4}"
EndProject
Project("{FAE04EC0-301F-11D3-BF4B-00C04F79EFBC}") = "Problem128", "Problem128\Problem128.csproj", "{A5594BE3-15A4-490C-B72C-FFAB1DAE6EEF}"
EndProject
Project("{FAE04EC0-301F-11D3-BF4B-00C04F79EFBC}") = "Problem042", "Problem042\Problem042.csproj", "{23E62353-AE55-4AD4-A0FB-124BB1CC6338}"
EndProject
Project("{FAE04EC0-301F-11D3-BF4B-00C04F79EFBC}") = "Problem038", "Problem038\Problem038.csproj", "{4EE64DAD-3E3D-4B86-9A63-3C09098F9FCD}"
EndProject
Project("{FAE04EC0-301F-11D3-BF4B-00C04F79EFBC}") = "Problem120", "Problem120\Problem120.csproj", "{C96E564D-D13F-478D-81C6-E86BB21B918D}"
EndProject
Project("{FAE04EC0-301F-11D3-BF4B-00C04F79EFBC}") = "Problem053", "Problem53\Problem053.csproj", "{E78E1F61-81A8-4D94-8EFA-BDC59E4C3F7F}"
EndProject
Project("{FAE04EC0-301F-11D3-BF4B-00C04F79EFBC}") = "Problem045", "Problem45\Problem045.csproj", "{A370C9FD-F7E2-47E2-B6D0-0F1E3C1A6434}"
EndProject
Project("{FAE04EC0-301F-11D3-BF4B-00C04F79EFBC}") = "Problem037", "Problem037\Problem037.csproj", "{8B70234A-5E98-4B1F-A46A-E695D28BC33C}"
EndProject
Project("{FAE04EC0-301F-11D3-BF4B-00C04F79EFBC}") = "Problem036 - not solved", "Problem036\Problem036 - not solved.csproj", "{1D41A7A8-8FB8-435E-95F1-452D12FA110A}"
EndProject
Project("{FAE04EC0-301F-11D3-BF4B-00C04F79EFBC}") = "Problem069", "Problem69\Problem069.csproj", "{2AE994F7-8C32-427D-91C2-DB707E392866}"
EndProject
Project("{FAE04EC0-301F-11D3-BF4B-00C04F79EFBC}") = "Problem046", "Problem046\Problem046.csproj", "{125B1478-0A78-4761-9D89-6310A51B1A29}"
EndProject
Global
	GlobalSection(SolutionConfigurationPlatforms) = preSolution
		Debug|Any CPU = Debug|Any CPU
		Release|Any CPU = Release|Any CPU
	EndGlobalSection
	GlobalSection(ProjectConfigurationPlatforms) = postSolution
		{6AD81F81-FC72-47B0-A524-95273B0D950D}.Debug|Any CPU.ActiveCfg = Debug|Any CPU
		{6AD81F81-FC72-47B0-A524-95273B0D950D}.Debug|Any CPU.Build.0 = Debug|Any CPU
		{6AD81F81-FC72-47B0-A524-95273B0D950D}.Release|Any CPU.ActiveCfg = Release|Any CPU
		{6AD81F81-FC72-47B0-A524-95273B0D950D}.Release|Any CPU.Build.0 = Release|Any CPU
		{7966A102-FA0E-475B-A556-3C5824FDA375}.Debug|Any CPU.ActiveCfg = Debug|Any CPU
		{7966A102-FA0E-475B-A556-3C5824FDA375}.Debug|Any CPU.Build.0 = Debug|Any CPU
		{7966A102-FA0E-475B-A556-3C5824FDA375}.Release|Any CPU.ActiveCfg = Release|Any CPU
		{7966A102-FA0E-475B-A556-3C5824FDA375}.Release|Any CPU.Build.0 = Release|Any CPU
		{F591183C-A3B6-4017-AD52-71840FEAC9A2}.Debug|Any CPU.ActiveCfg = Debug|Any CPU
		{F591183C-A3B6-4017-AD52-71840FEAC9A2}.Debug|Any CPU.Build.0 = Debug|Any CPU
		{F591183C-A3B6-4017-AD52-71840FEAC9A2}.Release|Any CPU.ActiveCfg = Release|Any CPU
		{F591183C-A3B6-4017-AD52-71840FEAC9A2}.Release|Any CPU.Build.0 = Release|Any CPU
		{D7E57194-CD10-4178-B9C5-19E3A8037061}.Debug|Any CPU.ActiveCfg = Debug|Any CPU
		{D7E57194-CD10-4178-B9C5-19E3A8037061}.Debug|Any CPU.Build.0 = Debug|Any CPU
		{D7E57194-CD10-4178-B9C5-19E3A8037061}.Release|Any CPU.ActiveCfg = Release|Any CPU
		{D7E57194-CD10-4178-B9C5-19E3A8037061}.Release|Any CPU.Build.0 = Release|Any CPU
		{C854D7E5-7455-4DBC-83E9-EB69BCBD0F10}.Debug|Any CPU.ActiveCfg = Debug|Any CPU
		{C854D7E5-7455-4DBC-83E9-EB69BCBD0F10}.Debug|Any CPU.Build.0 = Debug|Any CPU
		{C854D7E5-7455-4DBC-83E9-EB69BCBD0F10}.Release|Any CPU.ActiveCfg = Release|Any CPU
		{C854D7E5-7455-4DBC-83E9-EB69BCBD0F10}.Release|Any CPU.Build.0 = Release|Any CPU
		{8D278608-AA7E-42DB-8CC2-BF3DAECDB13B}.Debug|Any CPU.ActiveCfg = Debug|Any CPU
		{8D278608-AA7E-42DB-8CC2-BF3DAECDB13B}.Debug|Any CPU.Build.0 = Debug|Any CPU
		{8D278608-AA7E-42DB-8CC2-BF3DAECDB13B}.Release|Any CPU.ActiveCfg = Release|Any CPU
		{8D278608-AA7E-42DB-8CC2-BF3DAECDB13B}.Release|Any CPU.Build.0 = Release|Any CPU
		{2B8554B2-EA97-4FED-9C20-1083C2181917}.Debug|Any CPU.ActiveCfg = Debug|Any CPU
		{2B8554B2-EA97-4FED-9C20-1083C2181917}.Debug|Any CPU.Build.0 = Debug|Any CPU
		{2B8554B2-EA97-4FED-9C20-1083C2181917}.Release|Any CPU.ActiveCfg = Release|Any CPU
		{2B8554B2-EA97-4FED-9C20-1083C2181917}.Release|Any CPU.Build.0 = Release|Any CPU
		{061360F6-A82F-4E3E-9708-20EDBBB9EFF0}.Debug|Any CPU.ActiveCfg = Debug|Any CPU
		{061360F6-A82F-4E3E-9708-20EDBBB9EFF0}.Debug|Any CPU.Build.0 = Debug|Any CPU
		{061360F6-A82F-4E3E-9708-20EDBBB9EFF0}.Release|Any CPU.ActiveCfg = Release|Any CPU
		{061360F6-A82F-4E3E-9708-20EDBBB9EFF0}.Release|Any CPU.Build.0 = Release|Any CPU
		{3A0E421A-3391-43C4-8F35-4206D71EB331}.Debug|Any CPU.ActiveCfg = Debug|Any CPU
		{3A0E421A-3391-43C4-8F35-4206D71EB331}.Debug|Any CPU.Build.0 = Debug|Any CPU
		{3A0E421A-3391-43C4-8F35-4206D71EB331}.Release|Any CPU.ActiveCfg = Release|Any CPU
		{3A0E421A-3391-43C4-8F35-4206D71EB331}.Release|Any CPU.Build.0 = Release|Any CPU
		{1E5426DF-B725-44D2-8648-E84672F89AD9}.Debug|Any CPU.ActiveCfg = Debug|Any CPU
		{1E5426DF-B725-44D2-8648-E84672F89AD9}.Debug|Any CPU.Build.0 = Debug|Any CPU
		{1E5426DF-B725-44D2-8648-E84672F89AD9}.Release|Any CPU.ActiveCfg = Release|Any CPU
		{1E5426DF-B725-44D2-8648-E84672F89AD9}.Release|Any CPU.Build.0 = Release|Any CPU
		{CCAFB231-FFCA-46B9-AD0C-71F3B39FCE03}.Debug|Any CPU.ActiveCfg = Debug|Any CPU
		{CCAFB231-FFCA-46B9-AD0C-71F3B39FCE03}.Debug|Any CPU.Build.0 = Debug|Any CPU
		{CCAFB231-FFCA-46B9-AD0C-71F3B39FCE03}.Release|Any CPU.ActiveCfg = Release|Any CPU
		{CCAFB231-FFCA-46B9-AD0C-71F3B39FCE03}.Release|Any CPU.Build.0 = Release|Any CPU
		{4848B6C1-2EA6-4831-9C2B-E10007DBF26F}.Debug|Any CPU.ActiveCfg = Debug|Any CPU
		{4848B6C1-2EA6-4831-9C2B-E10007DBF26F}.Debug|Any CPU.Build.0 = Debug|Any CPU
		{4848B6C1-2EA6-4831-9C2B-E10007DBF26F}.Release|Any CPU.ActiveCfg = Release|Any CPU
		{4848B6C1-2EA6-4831-9C2B-E10007DBF26F}.Release|Any CPU.Build.0 = Release|Any CPU
		{7519E341-5EB0-4E10-9DDE-60E30153E1C5}.Debug|Any CPU.ActiveCfg = Debug|Any CPU
		{7519E341-5EB0-4E10-9DDE-60E30153E1C5}.Debug|Any CPU.Build.0 = Debug|Any CPU
		{7519E341-5EB0-4E10-9DDE-60E30153E1C5}.Release|Any CPU.ActiveCfg = Release|Any CPU
		{7519E341-5EB0-4E10-9DDE-60E30153E1C5}.Release|Any CPU.Build.0 = Release|Any CPU
		{4CFEDB97-28FE-4909-9B8C-45823623EBB6}.Debug|Any CPU.ActiveCfg = Debug|Any CPU
		{4CFEDB97-28FE-4909-9B8C-45823623EBB6}.Debug|Any CPU.Build.0 = Debug|Any CPU
		{4CFEDB97-28FE-4909-9B8C-45823623EBB6}.Release|Any CPU.ActiveCfg = Release|Any CPU
		{4CFEDB97-28FE-4909-9B8C-45823623EBB6}.Release|Any CPU.Build.0 = Release|Any CPU
		{18AD97CB-F191-401A-9C61-724E387ABB24}.Debug|Any CPU.ActiveCfg = Debug|Any CPU
		{18AD97CB-F191-401A-9C61-724E387ABB24}.Debug|Any CPU.Build.0 = Debug|Any CPU
		{18AD97CB-F191-401A-9C61-724E387ABB24}.Release|Any CPU.ActiveCfg = Release|Any CPU
		{18AD97CB-F191-401A-9C61-724E387ABB24}.Release|Any CPU.Build.0 = Release|Any CPU
		{FC7B0E8F-E4DA-4EF8-8E6B-D58C62E2CA02}.Debug|Any CPU.ActiveCfg = Debug|Any CPU
		{FC7B0E8F-E4DA-4EF8-8E6B-D58C62E2CA02}.Debug|Any CPU.Build.0 = Debug|Any CPU
		{FC7B0E8F-E4DA-4EF8-8E6B-D58C62E2CA02}.Release|Any CPU.ActiveCfg = Release|Any CPU
		{FC7B0E8F-E4DA-4EF8-8E6B-D58C62E2CA02}.Release|Any CPU.Build.0 = Release|Any CPU
		{4A8BB42D-3197-46B4-9937-5F372695C1BC}.Debug|Any CPU.ActiveCfg = Debug|Any CPU
		{4A8BB42D-3197-46B4-9937-5F372695C1BC}.Debug|Any CPU.Build.0 = Debug|Any CPU
		{4A8BB42D-3197-46B4-9937-5F372695C1BC}.Release|Any CPU.ActiveCfg = Release|Any CPU
		{4A8BB42D-3197-46B4-9937-5F372695C1BC}.Release|Any CPU.Build.0 = Release|Any CPU
		{FC0D2BE3-73F5-438F-98CF-AC0DFDE1BBE6}.Debug|Any CPU.ActiveCfg = Debug|Any CPU
		{FC0D2BE3-73F5-438F-98CF-AC0DFDE1BBE6}.Debug|Any CPU.Build.0 = Debug|Any CPU
		{FC0D2BE3-73F5-438F-98CF-AC0DFDE1BBE6}.Release|Any CPU.ActiveCfg = Release|Any CPU
		{FC0D2BE3-73F5-438F-98CF-AC0DFDE1BBE6}.Release|Any CPU.Build.0 = Release|Any CPU
		{5B4DD3A9-AA12-4EA0-9590-C59C197C38F5}.Debug|Any CPU.ActiveCfg = Debug|Any CPU
		{5B4DD3A9-AA12-4EA0-9590-C59C197C38F5}.Debug|Any CPU.Build.0 = Debug|Any CPU
		{5B4DD3A9-AA12-4EA0-9590-C59C197C38F5}.Release|Any CPU.ActiveCfg = Release|Any CPU
		{5B4DD3A9-AA12-4EA0-9590-C59C197C38F5}.Release|Any CPU.Build.0 = Release|Any CPU
		{C863C6AE-0E92-4CFB-BD4C-76D117DA01B1}.Debug|Any CPU.ActiveCfg = Debug|Any CPU
		{C863C6AE-0E92-4CFB-BD4C-76D117DA01B1}.Debug|Any CPU.Build.0 = Debug|Any CPU
		{C863C6AE-0E92-4CFB-BD4C-76D117DA01B1}.Release|Any CPU.ActiveCfg = Release|Any CPU
		{C863C6AE-0E92-4CFB-BD4C-76D117DA01B1}.Release|Any CPU.Build.0 = Release|Any CPU
		{99CB6C11-09B9-4EE7-B486-7278298E0A53}.Debug|Any CPU.ActiveCfg = Debug|Any CPU
		{99CB6C11-09B9-4EE7-B486-7278298E0A53}.Debug|Any CPU.Build.0 = Debug|Any CPU
		{99CB6C11-09B9-4EE7-B486-7278298E0A53}.Release|Any CPU.ActiveCfg = Release|Any CPU
		{99CB6C11-09B9-4EE7-B486-7278298E0A53}.Release|Any CPU.Build.0 = Release|Any CPU
		{76D3FDC7-BD53-4D4C-8DE1-D170EA76950F}.Debug|Any CPU.ActiveCfg = Debug|Any CPU
		{76D3FDC7-BD53-4D4C-8DE1-D170EA76950F}.Debug|Any CPU.Build.0 = Debug|Any CPU
		{76D3FDC7-BD53-4D4C-8DE1-D170EA76950F}.Release|Any CPU.ActiveCfg = Release|Any CPU
		{76D3FDC7-BD53-4D4C-8DE1-D170EA76950F}.Release|Any CPU.Build.0 = Release|Any CPU
		{2CCCD127-817F-41F6-8EDD-77FB9B1FBAB2}.Debug|Any CPU.ActiveCfg = Debug|Any CPU
		{2CCCD127-817F-41F6-8EDD-77FB9B1FBAB2}.Debug|Any CPU.Build.0 = Debug|Any CPU
		{2CCCD127-817F-41F6-8EDD-77FB9B1FBAB2}.Release|Any CPU.ActiveCfg = Release|Any CPU
		{2CCCD127-817F-41F6-8EDD-77FB9B1FBAB2}.Release|Any CPU.Build.0 = Release|Any CPU
		{C5D8F6EE-83B1-4C0B-BCDB-9C84349E7894}.Debug|Any CPU.ActiveCfg = Debug|Any CPU
		{C5D8F6EE-83B1-4C0B-BCDB-9C84349E7894}.Debug|Any CPU.Build.0 = Debug|Any CPU
		{C5D8F6EE-83B1-4C0B-BCDB-9C84349E7894}.Release|Any CPU.ActiveCfg = Release|Any CPU
		{C5D8F6EE-83B1-4C0B-BCDB-9C84349E7894}.Release|Any CPU.Build.0 = Release|Any CPU
		{C0114297-FCFD-4457-8BF9-E3BC006DC60F}.Debug|Any CPU.ActiveCfg = Debug|Any CPU
		{C0114297-FCFD-4457-8BF9-E3BC006DC60F}.Debug|Any CPU.Build.0 = Debug|Any CPU
		{C0114297-FCFD-4457-8BF9-E3BC006DC60F}.Release|Any CPU.ActiveCfg = Release|Any CPU
		{C0114297-FCFD-4457-8BF9-E3BC006DC60F}.Release|Any CPU.Build.0 = Release|Any CPU
		{805B75BC-9602-44FB-B869-132E97A3D433}.Debug|Any CPU.ActiveCfg = Debug|Any CPU
		{805B75BC-9602-44FB-B869-132E97A3D433}.Debug|Any CPU.Build.0 = Debug|Any CPU
		{805B75BC-9602-44FB-B869-132E97A3D433}.Release|Any CPU.ActiveCfg = Release|Any CPU
		{805B75BC-9602-44FB-B869-132E97A3D433}.Release|Any CPU.Build.0 = Release|Any CPU
		{36279846-AE57-4DC4-AC33-3B1383B89FE0}.Debug|Any CPU.ActiveCfg = Debug|Any CPU
		{36279846-AE57-4DC4-AC33-3B1383B89FE0}.Debug|Any CPU.Build.0 = Debug|Any CPU
		{36279846-AE57-4DC4-AC33-3B1383B89FE0}.Release|Any CPU.ActiveCfg = Release|Any CPU
		{36279846-AE57-4DC4-AC33-3B1383B89FE0}.Release|Any CPU.Build.0 = Release|Any CPU
		{1DBAA81E-8C77-4D81-8640-182A4ECDE4A0}.Debug|Any CPU.ActiveCfg = Debug|Any CPU
		{1DBAA81E-8C77-4D81-8640-182A4ECDE4A0}.Debug|Any CPU.Build.0 = Debug|Any CPU
		{1DBAA81E-8C77-4D81-8640-182A4ECDE4A0}.Release|Any CPU.ActiveCfg = Release|Any CPU
		{1DBAA81E-8C77-4D81-8640-182A4ECDE4A0}.Release|Any CPU.Build.0 = Release|Any CPU
		{BE0772D7-5B84-4523-A3B1-442B9AEFA5A5}.Debug|Any CPU.ActiveCfg = Debug|Any CPU
		{BE0772D7-5B84-4523-A3B1-442B9AEFA5A5}.Debug|Any CPU.Build.0 = Debug|Any CPU
		{BE0772D7-5B84-4523-A3B1-442B9AEFA5A5}.Release|Any CPU.ActiveCfg = Release|Any CPU
		{BE0772D7-5B84-4523-A3B1-442B9AEFA5A5}.Release|Any CPU.Build.0 = Release|Any CPU
		{098B5756-E801-4090-9251-EBC5E32C4D6B}.Debug|Any CPU.ActiveCfg = Debug|Any CPU
		{098B5756-E801-4090-9251-EBC5E32C4D6B}.Debug|Any CPU.Build.0 = Debug|Any CPU
		{098B5756-E801-4090-9251-EBC5E32C4D6B}.Release|Any CPU.ActiveCfg = Release|Any CPU
		{098B5756-E801-4090-9251-EBC5E32C4D6B}.Release|Any CPU.Build.0 = Release|Any CPU
		{B4DF04CA-E554-4AF8-B80C-B72135393C2C}.Debug|Any CPU.ActiveCfg = Debug|Any CPU
		{B4DF04CA-E554-4AF8-B80C-B72135393C2C}.Debug|Any CPU.Build.0 = Debug|Any CPU
		{B4DF04CA-E554-4AF8-B80C-B72135393C2C}.Release|Any CPU.ActiveCfg = Release|Any CPU
		{B4DF04CA-E554-4AF8-B80C-B72135393C2C}.Release|Any CPU.Build.0 = Release|Any CPU
		{76BECE3B-E816-427C-BBB3-E287870568FD}.Debug|Any CPU.ActiveCfg = Debug|Any CPU
		{76BECE3B-E816-427C-BBB3-E287870568FD}.Debug|Any CPU.Build.0 = Debug|Any CPU
		{76BECE3B-E816-427C-BBB3-E287870568FD}.Release|Any CPU.ActiveCfg = Release|Any CPU
		{76BECE3B-E816-427C-BBB3-E287870568FD}.Release|Any CPU.Build.0 = Release|Any CPU
		{F9DC204C-1D4A-42FD-80F3-E40D7D3EEA9D}.Debug|Any CPU.ActiveCfg = Debug|Any CPU
		{F9DC204C-1D4A-42FD-80F3-E40D7D3EEA9D}.Debug|Any CPU.Build.0 = Debug|Any CPU
		{F9DC204C-1D4A-42FD-80F3-E40D7D3EEA9D}.Release|Any CPU.ActiveCfg = Release|Any CPU
		{F9DC204C-1D4A-42FD-80F3-E40D7D3EEA9D}.Release|Any CPU.Build.0 = Release|Any CPU
		{086BACFF-CA0D-43C8-9AB6-2FF2F2D40A85}.Debug|Any CPU.ActiveCfg = Debug|Any CPU
		{086BACFF-CA0D-43C8-9AB6-2FF2F2D40A85}.Debug|Any CPU.Build.0 = Debug|Any CPU
		{086BACFF-CA0D-43C8-9AB6-2FF2F2D40A85}.Release|Any CPU.ActiveCfg = Release|Any CPU
		{086BACFF-CA0D-43C8-9AB6-2FF2F2D40A85}.Release|Any CPU.Build.0 = Release|Any CPU
		{68E9E411-D88A-4FB5-BC22-99CE072AD3BC}.Debug|Any CPU.ActiveCfg = Debug|Any CPU
		{68E9E411-D88A-4FB5-BC22-99CE072AD3BC}.Debug|Any CPU.Build.0 = Debug|Any CPU
		{68E9E411-D88A-4FB5-BC22-99CE072AD3BC}.Release|Any CPU.ActiveCfg = Release|Any CPU
		{68E9E411-D88A-4FB5-BC22-99CE072AD3BC}.Release|Any CPU.Build.0 = Release|Any CPU
		{FFC96C97-D80E-4AE4-BF05-6426F1DB8B5D}.Debug|Any CPU.ActiveCfg = Debug|Any CPU
		{FFC96C97-D80E-4AE4-BF05-6426F1DB8B5D}.Debug|Any CPU.Build.0 = Debug|Any CPU
		{FFC96C97-D80E-4AE4-BF05-6426F1DB8B5D}.Release|Any CPU.ActiveCfg = Release|Any CPU
		{FFC96C97-D80E-4AE4-BF05-6426F1DB8B5D}.Release|Any CPU.Build.0 = Release|Any CPU
		{E3CBC890-5AC4-4A21-8254-0357B30C8EB9}.Debug|Any CPU.ActiveCfg = Debug|Any CPU
		{E3CBC890-5AC4-4A21-8254-0357B30C8EB9}.Debug|Any CPU.Build.0 = Debug|Any CPU
		{E3CBC890-5AC4-4A21-8254-0357B30C8EB9}.Release|Any CPU.ActiveCfg = Release|Any CPU
		{E3CBC890-5AC4-4A21-8254-0357B30C8EB9}.Release|Any CPU.Build.0 = Release|Any CPU
		{38B4A0B4-6671-409D-92C7-6241661B6BE4}.Debug|Any CPU.ActiveCfg = Debug|Any CPU
		{38B4A0B4-6671-409D-92C7-6241661B6BE4}.Debug|Any CPU.Build.0 = Debug|Any CPU
		{38B4A0B4-6671-409D-92C7-6241661B6BE4}.Release|Any CPU.ActiveCfg = Release|Any CPU
		{38B4A0B4-6671-409D-92C7-6241661B6BE4}.Release|Any CPU.Build.0 = Release|Any CPU
		{551BF13E-EAB7-4FD6-B5DE-6F57100D2ACC}.Debug|Any CPU.ActiveCfg = Debug|Any CPU
		{551BF13E-EAB7-4FD6-B5DE-6F57100D2ACC}.Debug|Any CPU.Build.0 = Debug|Any CPU
		{551BF13E-EAB7-4FD6-B5DE-6F57100D2ACC}.Release|Any CPU.ActiveCfg = Release|Any CPU
		{551BF13E-EAB7-4FD6-B5DE-6F57100D2ACC}.Release|Any CPU.Build.0 = Release|Any CPU
		{758F7C35-712E-4818-B896-25C714925D11}.Debug|Any CPU.ActiveCfg = Debug|Any CPU
		{758F7C35-712E-4818-B896-25C714925D11}.Debug|Any CPU.Build.0 = Debug|Any CPU
		{758F7C35-712E-4818-B896-25C714925D11}.Release|Any CPU.ActiveCfg = Release|Any CPU
		{758F7C35-712E-4818-B896-25C714925D11}.Release|Any CPU.Build.0 = Release|Any CPU
		{9B77D6D0-A0DE-4B04-9148-F0CC93821A2B}.Debug|Any CPU.ActiveCfg = Debug|Any CPU
		{9B77D6D0-A0DE-4B04-9148-F0CC93821A2B}.Debug|Any CPU.Build.0 = Debug|Any CPU
		{9B77D6D0-A0DE-4B04-9148-F0CC93821A2B}.Release|Any CPU.ActiveCfg = Release|Any CPU
		{9B77D6D0-A0DE-4B04-9148-F0CC93821A2B}.Release|Any CPU.Build.0 = Release|Any CPU
		{44A57554-42B9-4E3D-9E0B-D3A2A5360EB2}.Debug|Any CPU.ActiveCfg = Debug|Any CPU
		{44A57554-42B9-4E3D-9E0B-D3A2A5360EB2}.Debug|Any CPU.Build.0 = Debug|Any CPU
		{44A57554-42B9-4E3D-9E0B-D3A2A5360EB2}.Release|Any CPU.ActiveCfg = Release|Any CPU
		{44A57554-42B9-4E3D-9E0B-D3A2A5360EB2}.Release|Any CPU.Build.0 = Release|Any CPU
		{234EAE5E-6585-4047-A923-EEDC7A6E2958}.Debug|Any CPU.ActiveCfg = Debug|Any CPU
		{234EAE5E-6585-4047-A923-EEDC7A6E2958}.Debug|Any CPU.Build.0 = Debug|Any CPU
		{234EAE5E-6585-4047-A923-EEDC7A6E2958}.Release|Any CPU.ActiveCfg = Release|Any CPU
		{234EAE5E-6585-4047-A923-EEDC7A6E2958}.Release|Any CPU.Build.0 = Release|Any CPU
		{2D8283EE-176B-4BD0-AD3C-4A343B6E491F}.Debug|Any CPU.ActiveCfg = Debug|Any CPU
		{2D8283EE-176B-4BD0-AD3C-4A343B6E491F}.Debug|Any CPU.Build.0 = Debug|Any CPU
		{2D8283EE-176B-4BD0-AD3C-4A343B6E491F}.Release|Any CPU.ActiveCfg = Release|Any CPU
		{2D8283EE-176B-4BD0-AD3C-4A343B6E491F}.Release|Any CPU.Build.0 = Release|Any CPU
		{8B8185D6-EEA6-4279-8496-C61B70DD8593}.Debug|Any CPU.ActiveCfg = Debug|Any CPU
		{8B8185D6-EEA6-4279-8496-C61B70DD8593}.Debug|Any CPU.Build.0 = Debug|Any CPU
		{8B8185D6-EEA6-4279-8496-C61B70DD8593}.Release|Any CPU.ActiveCfg = Release|Any CPU
		{8B8185D6-EEA6-4279-8496-C61B70DD8593}.Release|Any CPU.Build.0 = Release|Any CPU
		{EA65FFDA-2F5A-4762-ACB2-8926404F3DC0}.Debug|Any CPU.ActiveCfg = Debug|Any CPU
		{EA65FFDA-2F5A-4762-ACB2-8926404F3DC0}.Debug|Any CPU.Build.0 = Debug|Any CPU
		{EA65FFDA-2F5A-4762-ACB2-8926404F3DC0}.Release|Any CPU.ActiveCfg = Release|Any CPU
		{EA65FFDA-2F5A-4762-ACB2-8926404F3DC0}.Release|Any CPU.Build.0 = Release|Any CPU
		{5665B4AB-855E-40CF-AF38-32E52C1172D1}.Debug|Any CPU.ActiveCfg = Debug|Any CPU
		{5665B4AB-855E-40CF-AF38-32E52C1172D1}.Debug|Any CPU.Build.0 = Debug|Any CPU
		{5665B4AB-855E-40CF-AF38-32E52C1172D1}.Release|Any CPU.ActiveCfg = Release|Any CPU
		{5665B4AB-855E-40CF-AF38-32E52C1172D1}.Release|Any CPU.Build.0 = Release|Any CPU
		{8F9AA83E-467B-4FE7-9F50-BE7221353832}.Debug|Any CPU.ActiveCfg = Debug|Any CPU
		{8F9AA83E-467B-4FE7-9F50-BE7221353832}.Debug|Any CPU.Build.0 = Debug|Any CPU
		{8F9AA83E-467B-4FE7-9F50-BE7221353832}.Release|Any CPU.ActiveCfg = Release|Any CPU
		{8F9AA83E-467B-4FE7-9F50-BE7221353832}.Release|Any CPU.Build.0 = Release|Any CPU
		{85B7DF07-6EFA-475B-99BB-20CD4F49B974}.Debug|Any CPU.ActiveCfg = Debug|Any CPU
		{85B7DF07-6EFA-475B-99BB-20CD4F49B974}.Debug|Any CPU.Build.0 = Debug|Any CPU
		{85B7DF07-6EFA-475B-99BB-20CD4F49B974}.Release|Any CPU.ActiveCfg = Release|Any CPU
		{85B7DF07-6EFA-475B-99BB-20CD4F49B974}.Release|Any CPU.Build.0 = Release|Any CPU
		{32938995-8BCB-4264-9760-7DB4D6932DE1}.Debug|Any CPU.ActiveCfg = Debug|Any CPU
		{32938995-8BCB-4264-9760-7DB4D6932DE1}.Debug|Any CPU.Build.0 = Debug|Any CPU
		{32938995-8BCB-4264-9760-7DB4D6932DE1}.Release|Any CPU.ActiveCfg = Release|Any CPU
		{32938995-8BCB-4264-9760-7DB4D6932DE1}.Release|Any CPU.Build.0 = Release|Any CPU
		{ED543153-4FDF-4A58-88BD-45C772492875}.Debug|Any CPU.ActiveCfg = Debug|Any CPU
		{ED543153-4FDF-4A58-88BD-45C772492875}.Debug|Any CPU.Build.0 = Debug|Any CPU
		{ED543153-4FDF-4A58-88BD-45C772492875}.Release|Any CPU.ActiveCfg = Release|Any CPU
		{ED543153-4FDF-4A58-88BD-45C772492875}.Release|Any CPU.Build.0 = Release|Any CPU
		{64F3702E-7697-4790-99AF-54CA297C5CA4}.Debug|Any CPU.ActiveCfg = Debug|Any CPU
		{64F3702E-7697-4790-99AF-54CA297C5CA4}.Debug|Any CPU.Build.0 = Debug|Any CPU
		{64F3702E-7697-4790-99AF-54CA297C5CA4}.Release|Any CPU.ActiveCfg = Release|Any CPU
		{64F3702E-7697-4790-99AF-54CA297C5CA4}.Release|Any CPU.Build.0 = Release|Any CPU
		{A5594BE3-15A4-490C-B72C-FFAB1DAE6EEF}.Debug|Any CPU.ActiveCfg = Debug|Any CPU
		{A5594BE3-15A4-490C-B72C-FFAB1DAE6EEF}.Debug|Any CPU.Build.0 = Debug|Any CPU
		{A5594BE3-15A4-490C-B72C-FFAB1DAE6EEF}.Release|Any CPU.ActiveCfg = Release|Any CPU
		{A5594BE3-15A4-490C-B72C-FFAB1DAE6EEF}.Release|Any CPU.Build.0 = Release|Any CPU
		{23E62353-AE55-4AD4-A0FB-124BB1CC6338}.Debug|Any CPU.ActiveCfg = Debug|Any CPU
		{23E62353-AE55-4AD4-A0FB-124BB1CC6338}.Debug|Any CPU.Build.0 = Debug|Any CPU
		{23E62353-AE55-4AD4-A0FB-124BB1CC6338}.Release|Any CPU.ActiveCfg = Release|Any CPU
		{23E62353-AE55-4AD4-A0FB-124BB1CC6338}.Release|Any CPU.Build.0 = Release|Any CPU
		{4EE64DAD-3E3D-4B86-9A63-3C09098F9FCD}.Debug|Any CPU.ActiveCfg = Debug|Any CPU
		{4EE64DAD-3E3D-4B86-9A63-3C09098F9FCD}.Debug|Any CPU.Build.0 = Debug|Any CPU
		{4EE64DAD-3E3D-4B86-9A63-3C09098F9FCD}.Release|Any CPU.ActiveCfg = Release|Any CPU
		{4EE64DAD-3E3D-4B86-9A63-3C09098F9FCD}.Release|Any CPU.Build.0 = Release|Any CPU
		{C96E564D-D13F-478D-81C6-E86BB21B918D}.Debug|Any CPU.ActiveCfg = Debug|Any CPU
		{C96E564D-D13F-478D-81C6-E86BB21B918D}.Debug|Any CPU.Build.0 = Debug|Any CPU
		{C96E564D-D13F-478D-81C6-E86BB21B918D}.Release|Any CPU.ActiveCfg = Release|Any CPU
		{C96E564D-D13F-478D-81C6-E86BB21B918D}.Release|Any CPU.Build.0 = Release|Any CPU
		{E78E1F61-81A8-4D94-8EFA-BDC59E4C3F7F}.Debug|Any CPU.ActiveCfg = Debug|Any CPU
		{E78E1F61-81A8-4D94-8EFA-BDC59E4C3F7F}.Debug|Any CPU.Build.0 = Debug|Any CPU
		{E78E1F61-81A8-4D94-8EFA-BDC59E4C3F7F}.Release|Any CPU.ActiveCfg = Release|Any CPU
		{E78E1F61-81A8-4D94-8EFA-BDC59E4C3F7F}.Release|Any CPU.Build.0 = Release|Any CPU
		{A370C9FD-F7E2-47E2-B6D0-0F1E3C1A6434}.Debug|Any CPU.ActiveCfg = Debug|Any CPU
		{A370C9FD-F7E2-47E2-B6D0-0F1E3C1A6434}.Debug|Any CPU.Build.0 = Debug|Any CPU
		{A370C9FD-F7E2-47E2-B6D0-0F1E3C1A6434}.Release|Any CPU.ActiveCfg = Release|Any CPU
		{A370C9FD-F7E2-47E2-B6D0-0F1E3C1A6434}.Release|Any CPU.Build.0 = Release|Any CPU
		{8B70234A-5E98-4B1F-A46A-E695D28BC33C}.Debug|Any CPU.ActiveCfg = Debug|Any CPU
		{8B70234A-5E98-4B1F-A46A-E695D28BC33C}.Debug|Any CPU.Build.0 = Debug|Any CPU
		{8B70234A-5E98-4B1F-A46A-E695D28BC33C}.Release|Any CPU.ActiveCfg = Release|Any CPU
		{8B70234A-5E98-4B1F-A46A-E695D28BC33C}.Release|Any CPU.Build.0 = Release|Any CPU
		{1D41A7A8-8FB8-435E-95F1-452D12FA110A}.Debug|Any CPU.ActiveCfg = Debug|Any CPU
		{1D41A7A8-8FB8-435E-95F1-452D12FA110A}.Debug|Any CPU.Build.0 = Debug|Any CPU
		{1D41A7A8-8FB8-435E-95F1-452D12FA110A}.Release|Any CPU.ActiveCfg = Release|Any CPU
		{1D41A7A8-8FB8-435E-95F1-452D12FA110A}.Release|Any CPU.Build.0 = Release|Any CPU
		{2AE994F7-8C32-427D-91C2-DB707E392866}.Debug|Any CPU.ActiveCfg = Debug|Any CPU
		{2AE994F7-8C32-427D-91C2-DB707E392866}.Debug|Any CPU.Build.0 = Debug|Any CPU
		{2AE994F7-8C32-427D-91C2-DB707E392866}.Release|Any CPU.ActiveCfg = Release|Any CPU
		{2AE994F7-8C32-427D-91C2-DB707E392866}.Release|Any CPU.Build.0 = Release|Any CPU
		{125B1478-0A78-4761-9D89-6310A51B1A29}.Debug|Any CPU.ActiveCfg = Debug|Any CPU
		{125B1478-0A78-4761-9D89-6310A51B1A29}.Debug|Any CPU.Build.0 = Debug|Any CPU
		{125B1478-0A78-4761-9D89-6310A51B1A29}.Release|Any CPU.ActiveCfg = Release|Any CPU
		{125B1478-0A78-4761-9D89-6310A51B1A29}.Release|Any CPU.Build.0 = Release|Any CPU
	EndGlobalSection
	GlobalSection(SolutionProperties) = preSolution
		HideSolutionNode = FALSE
	EndGlobalSection
EndGlobal
